
Microsoft Visual Studio Solution File, Format Version 12.00
# Visual Studio Version 17
VisualStudioVersion = 17.7.34221.43
MinimumVisualStudioVersion = 10.0.40219.1
Project("{8BC9CEB8-8B4A-11D0-8D11-00A0C91BC942}") = "EnvironmentTest", "EnvironmentTest.vcxproj", "{75113A0A-56A5-4B17-8C64-DC51B0B0A1EA}"
EndProject
Global
	GlobalSection(SolutionConfigurationPlatforms) = preSolution
		Debug|x64 = Debug|x64
		Debug|x86 = Debug|x86
		Release|x64 = Release|x64
		Release|x86 = Release|x86
	EndGlobalSection
	GlobalSection(ProjectConfigurationPlatforms) = postSolution
		{75113A0A-56A5-4B17-8C64-DC51B0B0A1EA}.Debug|x64.ActiveCfg = Debug|x64
		{75113A0A-56A5-4B17-8C64-DC51B0B0A1EA}.Debug|x64.Build.0 = Debug|x64
		{75113A0A-56A5-4B17-8C64-DC51B0B0A1EA}.Debug|x86.ActiveCfg = Debug|Win32
		{75113A0A-56A5-4B17-8C64-DC51B0B0A1EA}.Debug|x86.Build.0 = Debug|Win32
		{75113A0A-56A5-4B17-8C64-DC51B0B0A1EA}.Release|x64.ActiveCfg = Release|x64
		{75113A0A-56A5-4B17-8C64-DC51B0B0A1EA}.Release|x64.Build.0 = Release|x64
		{75113A0A-56A5-4B17-8C64-DC51B0B0A1EA}.Release|x86.ActiveCfg = Release|Win32
		{75113A0A-56A5-4B17-8C64-DC51B0B0A1EA}.Release|x86.Build.0 = Release|Win32
	EndGlobalSection
	GlobalSection(SolutionProperties) = preSolution
		HideSolutionNode = FALSE
	EndGlobalSection
	GlobalSection(ExtensibilityGlobals) = postSolution
		SolutionGuid = {595B88D6-97DF-4DAF-9F22-B97DF53768DD}
	EndGlobalSection
EndGlobal
